
Microsoft Visual Studio Solution File, Format Version 12.00
# Visual Studio Version 17
VisualStudioVersion = 17.13.35825.156 d17.13
MinimumVisualStudioVersion = 10.0.40219.1
Project("{FAE04EC0-301F-11D3-BF4B-00C04F79EFBC}") = "HelloWorld_ConsoleApp", "HelloWorld_ConsoleApp.csproj", "{623ECACB-DAE2-48B6-B60C-825FB24A102C}"
EndProject
Global
	GlobalSection(SolutionConfigurationPlatforms) = preSolution
		Debug|Any CPU = Debug|Any CPU
		Release|Any CPU = Release|Any CPU
	EndGlobalSection
	GlobalSection(ProjectConfigurationPlatforms) = postSolution
		{623ECACB-DAE2-48B6-B60C-825FB24A102C}.Debug|Any CPU.ActiveCfg = Debug|Any CPU
		{623ECACB-DAE2-48B6-B60C-825FB24A102C}.Debug|Any CPU.Build.0 = Debug|Any CPU
		{623ECACB-DAE2-48B6-B60C-825FB24A102C}.Release|Any CPU.ActiveCfg = Release|Any CPU
		{623ECACB-DAE2-48B6-B60C-825FB24A102C}.Release|Any CPU.Build.0 = Release|Any CPU
	EndGlobalSection
	GlobalSection(SolutionProperties) = preSolution
		HideSolutionNode = FALSE
	EndGlobalSection
	GlobalSection(ExtensibilityGlobals) = postSolution
		SolutionGuid = {086A1DAE-7E5A-4E18-92D0-C0CA3C7EB83C}
	EndGlobalSection
EndGlobal
